
Microsoft Visual Studio Solution File, Format Version 12.00
# Visual Studio 15
VisualStudioVersion = 15.0.26228.12
MinimumVisualStudioVersion = 10.0.40219.1
Project("{FAE04EC0-301F-11D3-BF4B-00C04F79EFBC}") = "MusicLibrary", "MusicLibrary\MusicLibrary.csproj", "{35488252-88F0-4FCE-9EB1-1F11B9094D41}"
EndProject
Global
	GlobalSection(SolutionConfigurationPlatforms) = preSolution
		Debug|Any CPU = Debug|Any CPU
		Release|Any CPU = Release|Any CPU
	EndGlobalSection
	GlobalSection(ProjectConfigurationPlatforms) = postSolution
		{35488252-88F0-4FCE-9EB1-1F11B9094D41}.Debug|Any CPU.ActiveCfg = Debug|Any CPU
		{35488252-88F0-4FCE-9EB1-1F11B9094D41}.Debug|Any CPU.Build.0 = Debug|Any CPU
		{35488252-88F0-4FCE-9EB1-1F11B9094D41}.Release|Any CPU.ActiveCfg = Release|Any CPU
		{35488252-88F0-4FCE-9EB1-1F11B9094D41}.Release|Any CPU.Build.0 = Release|Any CPU
	EndGlobalSection
	GlobalSection(SolutionProperties) = preSolution
		HideSolutionNode = FALSE
	EndGlobalSection
EndGlobal
